// !$*UTF8*$!
{
	archiveVersion = 1;
	classes = {
	};
	objectVersion = 56;
	objects = {

/* Begin PBXBuildFile section */
		9B462F2C2B0EC01500D6376C /* EyeTargetApp.swift in Sources */ = {isa = PBXBuildFile; fileRef = 9B462F2B2B0EC01500D6376C /* EyeTargetApp.swift */; };
		9B462F2E2B0EC01500D6376C /* ContentView.swift in Sources */ = {isa = PBXBuildFile; fileRef = 9B462F2D2B0EC01500D6376C /* ContentView.swift */; };
		9B462F302B0EC01700D6376C /* Assets.xcassets in Resources */ = {isa = PBXBuildFile; fileRef = 9B462F2F2B0EC01700D6376C /* Assets.xcassets */; };
		9B462F342B0EC01700D6376C /* Preview Assets.xcassets in Resources */ = {isa = PBXBuildFile; fileRef = 9B462F332B0EC01700D6376C /* Preview Assets.xcassets */; };
		9B462F3E2B0EC01700D6376C /* EyeTargetTests.swift in Sources */ = {isa = PBXBuildFile; fileRef = 9B462F3D2B0EC01700D6376C /* EyeTargetTests.swift */; };
		9B462F482B0EC01700D6376C /* EyeTargetUITests.swift in Sources */ = {isa = PBXBuildFile; fileRef = 9B462F472B0EC01700D6376C /* EyeTargetUITests.swift */; };
		9B462F4A2B0EC01700D6376C /* EyeTargetUITestsLaunchTests.swift in Sources */ = {isa = PBXBuildFile; fileRef = 9B462F492B0EC01700D6376C /* EyeTargetUITestsLaunchTests.swift */; };
/* End PBXBuildFile section */

/* Begin PBXContainerItemProxy section */
		9B462F3A2B0EC01700D6376C /* PBXContainerItemProxy */ = {
			isa = PBXContainerItemProxy;
			containerPortal = 9B462F202B0EC01500D6376C /* Project object */;
			proxyType = 1;
			remoteGlobalIDString = 9B462F272B0EC01500D6376C;
			remoteInfo = EyeTarget;
		};
		9B462F442B0EC01700D6376C /* PBXContainerItemProxy */ = {
			isa = PBXContainerItemProxy;
			containerPortal = 9B462F202B0EC01500D6376C /* Project object */;
			proxyType = 1;
			remoteGlobalIDString = 9B462F272B0EC01500D6376C;
			remoteInfo = EyeTarget;
		};
/* End PBXContainerItemProxy section */

/* Begin PBXFileReference section */
		9B462F282B0EC01500D6376C /* EyeTarget.app */ = {isa = PBXFileReference; explicitFileType = wrapper.application; includeInIndex = 0; path = EyeTarget.app; sourceTree = BUILT_PRODUCTS_DIR; };
		9B462F2B2B0EC01500D6376C /* EyeTargetApp.swift */ = {isa = PBXFileReference; lastKnownFileType = sourcecode.swift; path = EyeTargetApp.swift; sourceTree = "<group>"; };
		9B462F2D2B0EC01500D6376C /* ContentView.swift */ = {isa = PBXFileReference; lastKnownFileType = sourcecode.swift; path = ContentView.swift; sourceTree = "<group>"; };
		9B462F2F2B0EC01700D6376C /* Assets.xcassets */ = {isa = PBXFileReference; lastKnownFileType = folder.assetcatalog; path = Assets.xcassets; sourceTree = "<group>"; };
		9B462F312B0EC01700D6376C /* EyeTarget.entitlements */ = {isa = PBXFileReference; lastKnownFileType = text.plist.entitlements; path = EyeTarget.entitlements; sourceTree = "<group>"; };
		9B462F332B0EC01700D6376C /* Preview Assets.xcassets */ = {isa = PBXFileReference; lastKnownFileType = folder.assetcatalog; path = "Preview Assets.xcassets"; sourceTree = "<group>"; };
		9B462F392B0EC01700D6376C /* EyeTargetTests.xctest */ = {isa = PBXFileReference; explicitFileType = wrapper.cfbundle; includeInIndex = 0; path = EyeTargetTests.xctest; sourceTree = BUILT_PRODUCTS_DIR; };
		9B462F3D2B0EC01700D6376C /* EyeTargetTests.swift */ = {isa = PBXFileReference; lastKnownFileType = sourcecode.swift; path = EyeTargetTests.swift; sourceTree = "<group>"; };
		9B462F432B0EC01700D6376C /* EyeTargetUITests.xctest */ = {isa = PBXFileReference; explicitFileType = wrapper.cfbundle; includeInIndex = 0; path = EyeTargetUITests.xctest; sourceTree = BUILT_PRODUCTS_DIR; };
		9B462F472B0EC01700D6376C /* EyeTargetUITests.swift */ = {isa = PBXFileReference; lastKnownFileType = sourcecode.swift; path = EyeTargetUITests.swift; sourceTree = "<group>"; };
		9B462F492B0EC01700D6376C /* EyeTargetUITestsLaunchTests.swift */ = {isa = PBXFileReference; lastKnownFileType = sourcecode.swift; path = EyeTargetUITestsLaunchTests.swift; sourceTree = "<group>"; };
/* End PBXFileReference section */

/* Begin PBXFrameworksBuildPhase section */
		9B462F252B0EC01500D6376C /* Frameworks */ = {
			isa = PBXFrameworksBuildPhase;
			buildActionMask = 2147483647;
			files = (
			);
			runOnlyForDeploymentPostprocessing = 0;
		};
		9B462F362B0EC01700D6376C /* Frameworks */ = {
			isa = PBXFrameworksBuildPhase;
			buildActionMask = 2147483647;
			files = (
			);
			runOnlyForDeploymentPostprocessing = 0;
		};
		9B462F402B0EC01700D6376C /* Frameworks */ = {
			isa = PBXFrameworksBuildPhase;
			buildActionMask = 2147483647;
			files = (
			);
			runOnlyForDeploymentPostprocessing = 0;
		};
/* End PBXFrameworksBuildPhase section */

/* Begin PBXGroup section */
		9B462F1F2B0EC01500D6376C = {
			isa = PBXGroup;
			children = (
				9B462F2A2B0EC01500D6376C /* EyeTarget */,
				9B462F3C2B0EC01700D6376C /* EyeTargetTests */,
				9B462F462B0EC01700D6376C /* EyeTargetUITests */,
				9B462F292B0EC01500D6376C /* Products */,
			);
			sourceTree = "<group>";
		};
		9B462F292B0EC01500D6376C /* Products */ = {
			isa = PBXGroup;
			children = (
				9B462F282B0EC01500D6376C /* EyeTarget.app */,
				9B462F392B0EC01700D6376C /* EyeTargetTests.xctest */,
				9B462F432B0EC01700D6376C /* EyeTargetUITests.xctest */,
			);
			name = Products;
			sourceTree = "<group>";
		};
		9B462F2A2B0EC01500D6376C /* EyeTarget */ = {
			isa = PBXGroup;
			children = (
				9B462F2B2B0EC01500D6376C /* EyeTargetApp.swift */,
				9B462F2D2B0EC01500D6376C /* ContentView.swift */,
				9B462F2F2B0EC01700D6376C /* Assets.xcassets */,
				9B462F312B0EC01700D6376C /* EyeTarget.entitlements */,
				9B462F322B0EC01700D6376C /* Preview Content */,
			);
			path = EyeTarget;
			sourceTree = "<group>";
		};
		9B462F322B0EC01700D6376C /* Preview Content */ = {
			isa = PBXGroup;
			children = (
				9B462F332B0EC01700D6376C /* Preview Assets.xcassets */,
			);
			path = "Preview Content";
			sourceTree = "<group>";
		};
		9B462F3C2B0EC01700D6376C /* EyeTargetTests */ = {
			isa = PBXGroup;
			children = (
				9B462F3D2B0EC01700D6376C /* EyeTargetTests.swift */,
			);
			path = EyeTargetTests;
			sourceTree = "<group>";
		};
		9B462F462B0EC01700D6376C /* EyeTargetUITests */ = {
			isa = PBXGroup;
			children = (
				9B462F472B0EC01700D6376C /* EyeTargetUITests.swift */,
				9B462F492B0EC01700D6376C /* EyeTargetUITestsLaunchTests.swift */,
			);
			path = EyeTargetUITests;
			sourceTree = "<group>";
		};
/* End PBXGroup section */

/* Begin PBXNativeTarget section */
		9B462F272B0EC01500D6376C /* EyeTarget */ = {
			isa = PBXNativeTarget;
			buildConfigurationList = 9B462F4D2B0EC01700D6376C /* Build configuration list for PBXNativeTarget "EyeTarget" */;
			buildPhases = (
				9B462F242B0EC01500D6376C /* Sources */,
				9B462F252B0EC01500D6376C /* Frameworks */,
				9B462F262B0EC01500D6376C /* Resources */,
			);
			buildRules = (
			);
			dependencies = (
			);
			name = EyeTarget;
			productName = EyeTarget;
			productReference = 9B462F282B0EC01500D6376C /* EyeTarget.app */;
			productType = "com.apple.product-type.application";
		};
		9B462F382B0EC01700D6376C /* EyeTargetTests */ = {
			isa = PBXNativeTarget;
			buildConfigurationList = 9B462F502B0EC01700D6376C /* Build configuration list for PBXNativeTarget "EyeTargetTests" */;
			buildPhases = (
				9B462F352B0EC01700D6376C /* Sources */,
				9B462F362B0EC01700D6376C /* Frameworks */,
				9B462F372B0EC01700D6376C /* Resources */,
			);
			buildRules = (
			);
			dependencies = (
				9B462F3B2B0EC01700D6376C /* PBXTargetDependency */,
			);
			name = EyeTargetTests;
			productName = EyeTargetTests;
			productReference = 9B462F392B0EC01700D6376C /* EyeTargetTests.xctest */;
			productType = "com.apple.product-type.bundle.unit-test";
		};
		9B462F422B0EC01700D6376C /* EyeTargetUITests */ = {
			isa = PBXNativeTarget;
			buildConfigurationList = 9B462F532B0EC01700D6376C /* Build configuration list for PBXNativeTarget "EyeTargetUITests" */;
			buildPhases = (
				9B462F3F2B0EC01700D6376C /* Sources */,
				9B462F402B0EC01700D6376C /* Frameworks */,
				9B462F412B0EC01700D6376C /* Resources */,
			);
			buildRules = (
			);
			dependencies = (
				9B462F452B0EC01700D6376C /* PBXTargetDependency */,
			);
			name = EyeTargetUITests;
			productName = EyeTargetUITests;
			productReference = 9B462F432B0EC01700D6376C /* EyeTargetUITests.xctest */;
			productType = "com.apple.product-type.bundle.ui-testing";
		};
/* End PBXNativeTarget section */

/* Begin PBXProject section */
		9B462F202B0EC01500D6376C /* Project object */ = {
			isa = PBXProject;
			attributes = {
				BuildIndependentTargetsInParallel = 1;
				LastSwiftUpdateCheck = 1500;
				LastUpgradeCheck = 1500;
				TargetAttributes = {
					9B462F272B0EC01500D6376C = {
						CreatedOnToolsVersion = 15.0.1;
					};
					9B462F382B0EC01700D6376C = {
						CreatedOnToolsVersion = 15.0.1;
						TestTargetID = 9B462F272B0EC01500D6376C;
					};
					9B462F422B0EC01700D6376C = {
						CreatedOnToolsVersion = 15.0.1;
						TestTargetID = 9B462F272B0EC01500D6376C;
					};
				};
			};
			buildConfigurationList = 9B462F232B0EC01500D6376C /* Build configuration list for PBXProject "EyeTarget" */;
			compatibilityVersion = "Xcode 14.0";
			developmentRegion = en;
			hasScannedForEncodings = 0;
			knownRegions = (
				en,
				Base,
			);
			mainGroup = 9B462F1F2B0EC01500D6376C;
			productRefGroup = 9B462F292B0EC01500D6376C /* Products */;
			projectDirPath = "";
			projectRoot = "";
			targets = (
				9B462F272B0EC01500D6376C /* EyeTarget */,
				9B462F382B0EC01700D6376C /* EyeTargetTests */,
				9B462F422B0EC01700D6376C /* EyeTargetUITests */,
			);
		};
/* End PBXProject section */

/* Begin PBXResourcesBuildPhase section */
		9B462F262B0EC01500D6376C /* Resources */ = {
			isa = PBXResourcesBuildPhase;
			buildActionMask = 2147483647;
			files = (
				9B462F342B0EC01700D6376C /* Preview Assets.xcassets in Resources */,
				9B462F302B0EC01700D6376C /* Assets.xcassets in Resources */,
			);
			runOnlyForDeploymentPostprocessing = 0;
		};
		9B462F372B0EC01700D6376C /* Resources */ = {
			isa = PBXResourcesBuildPhase;
			buildActionMask = 2147483647;
			files = (
			);
			runOnlyForDeploymentPostprocessing = 0;
		};
		9B462F412B0EC01700D6376C /* Resources */ = {
			isa = PBXResourcesBuildPhase;
			buildActionMask = 2147483647;
			files = (
			);
			runOnlyForDeploymentPostprocessing = 0;
		};
/* End PBXResourcesBuildPhase section */

/* Begin PBXSourcesBuildPhase section */
		9B462F242B0EC01500D6376C /* Sources */ = {
			isa = PBXSourcesBuildPhase;
			buildActionMask = 2147483647;
			files = (
				9B462F2E2B0EC01500D6376C /* ContentView.swift in Sources */,
				9B462F2C2B0EC01500D6376C /* EyeTargetApp.swift in Sources */,
			);
			runOnlyForDeploymentPostprocessing = 0;
		};
		9B462F352B0EC01700D6376C /* Sources */ = {
			isa = PBXSourcesBuildPhase;
			buildActionMask = 2147483647;
			files = (
				9B462F3E2B0EC01700D6376C /* EyeTargetTests.swift in Sources */,
			);
			runOnlyForDeploymentPostprocessing = 0;
		};
		9B462F3F2B0EC01700D6376C /* Sources */ = {
			isa = PBXSourcesBuildPhase;
			buildActionMask = 2147483647;
			files = (
				9B462F482B0EC01700D6376C /* EyeTargetUITests.swift in Sources */,
				9B462F4A2B0EC01700D6376C /* EyeTargetUITestsLaunchTests.swift in Sources */,
			);
			runOnlyForDeploymentPostprocessing = 0;
		};
/* End PBXSourcesBuildPhase section */

/* Begin PBXTargetDependency section */
		9B462F3B2B0EC01700D6376C /* PBXTargetDependency */ = {
			isa = PBXTargetDependency;
			target = 9B462F272B0EC01500D6376C /* EyeTarget */;
			targetProxy = 9B462F3A2B0EC01700D6376C /* PBXContainerItemProxy */;
		};
		9B462F452B0EC01700D6376C /* PBXTargetDependency */ = {
			isa = PBXTargetDependency;
			target = 9B462F272B0EC01500D6376C /* EyeTarget */;
			targetProxy = 9B462F442B0EC01700D6376C /* PBXContainerItemProxy */;
		};
/* End PBXTargetDependency section */

/* Begin XCBuildConfiguration section */
		9B462F4B2B0EC01700D6376C /* Debug */ = {
			isa = XCBuildConfiguration;
			buildSettings = {
				ALWAYS_SEARCH_USER_PATHS = NO;
				ASSETCATALOG_COMPILER_GENERATE_SWIFT_ASSET_SYMBOL_EXTENSIONS = YES;
				CLANG_ANALYZER_NONNULL = YES;
				CLANG_ANALYZER_NUMBER_OBJECT_CONVERSION = YES_AGGRESSIVE;
				CLANG_CXX_LANGUAGE_STANDARD = "gnu++20";
				CLANG_ENABLE_MODULES = YES;
				CLANG_ENABLE_OBJC_ARC = YES;
				CLANG_ENABLE_OBJC_WEAK = YES;
				CLANG_WARN_BLOCK_CAPTURE_AUTORELEASING = YES;
				CLANG_WARN_BOOL_CONVERSION = YES;
				CLANG_WARN_COMMA = YES;
				CLANG_WARN_CONSTANT_CONVERSION = YES;
				CLANG_WARN_DEPRECATED_OBJC_IMPLEMENTATIONS = YES;
				CLANG_WARN_DIRECT_OBJC_ISA_USAGE = YES_ERROR;
				CLANG_WARN_DOCUMENTATION_COMMENTS = YES;
				CLANG_WARN_EMPTY_BODY = YES;
				CLANG_WARN_ENUM_CONVERSION = YES;
				CLANG_WARN_INFINITE_RECURSION = YES;
				CLANG_WARN_INT_CONVERSION = YES;
				CLANG_WARN_NON_LITERAL_NULL_CONVERSION = YES;
				CLANG_WARN_OBJC_IMPLICIT_RETAIN_SELF = YES;
				CLANG_WARN_OBJC_LITERAL_CONVERSION = YES;
				CLANG_WARN_OBJC_ROOT_CLASS = YES_ERROR;
				CLANG_WARN_QUOTED_INCLUDE_IN_FRAMEWORK_HEADER = YES;
				CLANG_WARN_RANGE_LOOP_ANALYSIS = YES;
				CLANG_WARN_STRICT_PROTOTYPES = YES;
				CLANG_WARN_SUSPICIOUS_MOVE = YES;
				CLANG_WARN_UNGUARDED_AVAILABILITY = YES_AGGRESSIVE;
				CLANG_WARN_UNREACHABLE_CODE = YES;
				CLANG_WARN__DUPLICATE_METHOD_MATCH = YES;
				COPY_PHASE_STRIP = NO;
				DEBUG_INFORMATION_FORMAT = dwarf;
				ENABLE_STRICT_OBJC_MSGSEND = YES;
				ENABLE_TESTABILITY = YES;
				ENABLE_USER_SCRIPT_SANDBOXING = YES;
				GCC_C_LANGUAGE_STANDARD = gnu17;
				GCC_DYNAMIC_NO_PIC = NO;
				GCC_NO_COMMON_BLOCKS = YES;
				GCC_OPTIMIZATION_LEVEL = 0;
				GCC_PREPROCESSOR_DEFINITIONS = (
					"DEBUG=1",
					"$(inherited)",
				);
				GCC_WARN_64_TO_32_BIT_CONVERSION = YES;
				GCC_WARN_ABOUT_RETURN_TYPE = YES_ERROR;
				GCC_WARN_UNDECLARED_SELECTOR = YES;
				GCC_WARN_UNINITIALIZED_AUTOS = YES_AGGRESSIVE;
				GCC_WARN_UNUSED_FUNCTION = YES;
				GCC_WARN_UNUSED_VARIABLE = YES;
				LOCALIZATION_PREFERS_STRING_CATALOGS = YES;
				MTL_ENABLE_DEBUG_INFO = INCLUDE_SOURCE;
				MTL_FAST_MATH = YES;
				ONLY_ACTIVE_ARCH = YES;
				SWIFT_ACTIVE_COMPILATION_CONDITIONS = "DEBUG $(inherited)";
				SWIFT_OPTIMIZATION_LEVEL = "-Onone";
			};
			name = Debug;
		};
		9B462F4C2B0EC01700D6376C /* Release */ = {
			isa = XCBuildConfiguration;
			buildSettings = {
				ALWAYS_SEARCH_USER_PATHS = NO;
				ASSETCATALOG_COMPILER_GENERATE_SWIFT_ASSET_SYMBOL_EXTENSIONS = YES;
				CLANG_ANALYZER_NONNULL = YES;
				CLANG_ANALYZER_NUMBER_OBJECT_CONVERSION = YES_AGGRESSIVE;
				CLANG_CXX_LANGUAGE_STANDARD = "gnu++20";
				CLANG_ENABLE_MODULES = YES;
				CLANG_ENABLE_OBJC_ARC = YES;
				CLANG_ENABLE_OBJC_WEAK = YES;
				CLANG_WARN_BLOCK_CAPTURE_AUTORELEASING = YES;
				CLANG_WARN_BOOL_CONVERSION = YES;
				CLANG_WARN_COMMA = YES;
				CLANG_WARN_CONSTANT_CONVERSION = YES;
				CLANG_WARN_DEPRECATED_OBJC_IMPLEMENTATIONS = YES;
				CLANG_WARN_DIRECT_OBJC_ISA_USAGE = YES_ERROR;
				CLANG_WARN_DOCUMENTATION_COMMENTS = YES;
				CLANG_WARN_EMPTY_BODY = YES;
				CLANG_WARN_ENUM_CONVERSION = YES;
				CLANG_WARN_INFINITE_RECURSION = YES;
				CLANG_WARN_INT_CONVERSION = YES;
				CLANG_WARN_NON_LITERAL_NULL_CONVERSION = YES;
				CLANG_WARN_OBJC_IMPLICIT_RETAIN_SELF = YES;
				CLANG_WARN_OBJC_LITERAL_CONVERSION = YES;
				CLANG_WARN_OBJC_ROOT_CLASS = YES_ERROR;
				CLANG_WARN_QUOTED_INCLUDE_IN_FRAMEWORK_HEADER = YES;
				CLANG_WARN_RANGE_LOOP_ANALYSIS = YES;
				CLANG_WARN_STRICT_PROTOTYPES = YES;
				CLANG_WARN_SUSPICIOUS_MOVE = YES;
				CLANG_WARN_UNGUARDED_AVAILABILITY = YES_AGGRESSIVE;
				CLANG_WARN_UNREACHABLE_CODE = YES;
				CLANG_WARN__DUPLICATE_METHOD_MATCH = YES;
				COPY_PHASE_STRIP = NO;
				DEBUG_INFORMATION_FORMAT = "dwarf-with-dsym";
				ENABLE_NS_ASSERTIONS = NO;
				ENABLE_STRICT_OBJC_MSGSEND = YES;
				ENABLE_USER_SCRIPT_SANDBOXING = YES;
				GCC_C_LANGUAGE_STANDARD = gnu17;
				GCC_NO_COMMON_BLOCKS = YES;
				GCC_WARN_64_TO_32_BIT_CONVERSION = YES;
				GCC_WARN_ABOUT_RETURN_TYPE = YES_ERROR;
				GCC_WARN_UNDECLARED_SELECTOR = YES;
				GCC_WARN_UNINITIALIZED_AUTOS = YES_AGGRESSIVE;
				GCC_WARN_UNUSED_FUNCTION = YES;
				GCC_WARN_UNUSED_VARIABLE = YES;
				LOCALIZATION_PREFERS_STRING_CATALOGS = YES;
				MTL_ENABLE_DEBUG_INFO = NO;
				MTL_FAST_MATH = YES;
				SWIFT_COMPILATION_MODE = wholemodule;
			};
			name = Release;
		};
		9B462F4E2B0EC01700D6376C /* Debug */ = {
			isa = XCBuildConfiguration;
			buildSettings = {
				ASSETCATALOG_COMPILER_APPICON_NAME = AppIcon;
				ASSETCATALOG_COMPILER_GLOBAL_ACCENT_COLOR_NAME = AccentColor;
				CODE_SIGN_ENTITLEMENTS = EyeTarget/EyeTarget.entitlements;
				CODE_SIGN_STYLE = Automatic;
				CURRENT_PROJECT_VERSION = 1;
				DEVELOPMENT_ASSET_PATHS = "\"EyeTarget/Preview Content\"";
				DEVELOPMENT_TEAM = ZYTKCJ322J;
				ENABLE_HARDENED_RUNTIME = YES;
				ENABLE_PREVIEWS = YES;
				GENERATE_INFOPLIST_FILE = YES;
				"INFOPLIST_KEY_UIApplicationSceneManifest_Generation[sdk=iphoneos*]" = YES;
				"INFOPLIST_KEY_UIApplicationSceneManifest_Generation[sdk=iphonesimulator*]" = YES;
				"INFOPLIST_KEY_UIApplicationSupportsIndirectInputEvents[sdk=iphoneos*]" = YES;
				"INFOPLIST_KEY_UIApplicationSupportsIndirectInputEvents[sdk=iphonesimulator*]" = YES;
				"INFOPLIST_KEY_UILaunchScreen_Generation[sdk=iphoneos*]" = YES;
				"INFOPLIST_KEY_UILaunchScreen_Generation[sdk=iphonesimulator*]" = YES;
				"INFOPLIST_KEY_UIStatusBarStyle[sdk=iphoneos*]" = UIStatusBarStyleDefault;
				"INFOPLIST_KEY_UIStatusBarStyle[sdk=iphonesimulator*]" = UIStatusBarStyleDefault;
				INFOPLIST_KEY_UISupportedInterfaceOrientations_iPad = "UIInterfaceOrientationPortrait UIInterfaceOrientationPortraitUpsideDown UIInterfaceOrientationLandscapeLeft UIInterfaceOrientationLandscapeRight";
				INFOPLIST_KEY_UISupportedInterfaceOrientations_iPhone = "UIInterfaceOrientationPortrait UIInterfaceOrientationLandscapeLeft UIInterfaceOrientationLandscapeRight";
				IPHONEOS_DEPLOYMENT_TARGET = 17.0;
				LD_RUNPATH_SEARCH_PATHS = "@executable_path/Frameworks";
				"LD_RUNPATH_SEARCH_PATHS[sdk=macosx*]" = "@executable_path/../Frameworks";
				MACOSX_DEPLOYMENT_TARGET = 14.0;
				MARKETING_VERSION = 1.0;
				PRODUCT_BUNDLE_IDENTIFIER = com.bugwilliams.EyeTarget;
				PRODUCT_NAME = "$(TARGET_NAME)";
				SDKROOT = auto;
				SUPPORTED_PLATFORMS = "iphoneos iphonesimulator macosx";
				SWIFT_EMIT_LOC_STRINGS = YES;
				SWIFT_VERSION = 5.0;
				TARGETED_DEVICE_FAMILY = "1,2";
			};
			name = Debug;
		};
		9B462F4F2B0EC01700D6376C /* Release */ = {
			isa = XCBuildConfiguration;
			buildSettings = {
				ASSETCATALOG_COMPILER_APPICON_NAME = AppIcon;
				ASSETCATALOG_COMPILER_GLOBAL_ACCENT_COLOR_NAME = AccentColor;
				CODE_SIGN_ENTITLEMENTS = EyeTarget/EyeTarget.entitlements;
				CODE_SIGN_STYLE = Automatic;
				CURRENT_PROJECT_VERSION = 1;
				DEVELOPMENT_ASSET_PATHS = "\"EyeTarget/Preview Content\"";
				DEVELOPMENT_TEAM = ZYTKCJ322J;
				ENABLE_HARDENED_RUNTIME = YES;
				ENABLE_PREVIEWS = YES;
				GENERATE_INFOPLIST_FILE = YES;
				"INFOPLIST_KEY_UIApplicationSceneManifest_Generation[sdk=iphoneos*]" = YES;
				"INFOPLIST_KEY_UIApplicationSceneManifest_Generation[sdk=iphonesimulator*]" = YES;
				"INFOPLIST_KEY_UIApplicationSupportsIndirectInputEvents[sdk=iphoneos*]" = YES;
				"INFOPLIST_KEY_UIApplicationSupportsIndirectInputEvents[sdk=iphonesimulator*]" = YES;
				"INFOPLIST_KEY_UILaunchScreen_Generation[sdk=iphoneos*]" = YES;
				"INFOPLIST_KEY_UILaunchScreen_Generation[sdk=iphonesimulator*]" = YES;
				"INFOPLIST_KEY_UIStatusBarStyle[sdk=iphoneos*]" = UIStatusBarStyleDefault;
				"INFOPLIST_KEY_UIStatusBarStyle[sdk=iphonesimulator*]" = UIStatusBarStyleDefault;
				INFOPLIST_KEY_UISupportedInterfaceOrientations_iPad = "UIInterfaceOrientationPortrait UIInterfaceOrientationPortraitUpsideDown UIInterfaceOrientationLandscapeLeft UIInterfaceOrientationLandscapeRight";
				INFOPLIST_KEY_UISupportedInterfaceOrientations_iPhone = "UIInterfaceOrientationPortrait UIInterfaceOrientationLandscapeLeft UIInterfaceOrientationLandscapeRight";
				IPHONEOS_DEPLOYMENT_TARGET = 17.0;
				LD_RUNPATH_SEARCH_PATHS = "@executable_path/Frameworks";
				"LD_RUNPATH_SEARCH_PATHS[sdk=macosx*]" = "@executable_path/../Frameworks";
				MACOSX_DEPLOYMENT_TARGET = 14.0;
				MARKETING_VERSION = 1.0;
				PRODUCT_BUNDLE_IDENTIFIER = com.bugwilliams.EyeTarget;
				PRODUCT_NAME = "$(TARGET_NAME)";
				SDKROOT = auto;
				SUPPORTED_PLATFORMS = "iphoneos iphonesimulator macosx";
				SWIFT_EMIT_LOC_STRINGS = YES;
				SWIFT_VERSION = 5.0;
				TARGETED_DEVICE_FAMILY = "1,2";
			};
			name = Release;
		};
		9B462F512B0EC01700D6376C /* Debug */ = {
			isa = XCBuildConfiguration;
			buildSettings = {
				ALWAYS_EMBED_SWIFT_STANDARD_LIBRARIES = YES;
				BUNDLE_LOADER = "$(TEST_HOST)";
				CODE_SIGN_STYLE = Automatic;
				CURRENT_PROJECT_VERSION = 1;
				DEVELOPMENT_TEAM = ZYTKCJ322J;
				GENERATE_INFOPLIST_FILE = YES;
				IPHONEOS_DEPLOYMENT_TARGET = 17.0;
				MACOSX_DEPLOYMENT_TARGET = 14.0;
				MARKETING_VERSION = 1.0;
				PRODUCT_BUNDLE_IDENTIFIER = com.bugwilliams.EyeTargetTests;
				PRODUCT_NAME = "$(TARGET_NAME)";
				SDKROOT = auto;
				SUPPORTED_PLATFORMS = "iphoneos iphonesimulator macosx";
				SWIFT_EMIT_LOC_STRINGS = NO;
				SWIFT_VERSION = 5.0;
				TARGETED_DEVICE_FAMILY = "1,2";
				TEST_HOST = "$(BUILT_PRODUCTS_DIR)/EyeTarget.app/$(BUNDLE_EXECUTABLE_FOLDER_PATH)/EyeTarget";
			};
			name = Debug;
		};
		9B462F522B0EC01700D6376C /* Release */ = {
			isa = XCBuildConfiguration;
			buildSettings = {
				ALWAYS_EMBED_SWIFT_STANDARD_LIBRARIES = YES;
				BUNDLE_LOADER = "$(TEST_HOST)";
				CODE_SIGN_STYLE = Automatic;
				CURRENT_PROJECT_VERSION = 1;
				DEVELOPMENT_TEAM = ZYTKCJ322J;
				GENERATE_INFOPLIST_FILE = YES;
				IPHONEOS_DEPLOYMENT_TARGET = 17.0;
				MACOSX_DEPLOYMENT_TARGET = 14.0;
				MARKETING_VERSION = 1.0;
				PRODUCT_BUNDLE_IDENTIFIER = com.bugwilliams.EyeTargetTests;
				PRODUCT_NAME = "$(TARGET_NAME)";
				SDKROOT = auto;
				SUPPORTED_PLATFORMS = "iphoneos iphonesimulator macosx";
				SWIFT_EMIT_LOC_STRINGS = NO;
				SWIFT_VERSION = 5.0;
				TARGETED_DEVICE_FAMILY = "1,2";
				TEST_HOST = "$(BUILT_PRODUCTS_DIR)/EyeTarget.app/$(BUNDLE_EXECUTABLE_FOLDER_PATH)/EyeTarget";
			};
			name = Release;
		};
		9B462F542B0EC01700D6376C /* Debug */ = {
			isa = XCBuildConfiguration;
			buildSettings = {
				ALWAYS_EMBED_SWIFT_STANDARD_LIBRARIES = YES;
				CODE_SIGN_STYLE = Automatic;
				CURRENT_PROJECT_VERSION = 1;
				DEVELOPMENT_TEAM = ZYTKCJ322J;
				GENERATE_INFOPLIST_FILE = YES;
				IPHONEOS_DEPLOYMENT_TARGET = 17.0;
				MACOSX_DEPLOYMENT_TARGET = 14.0;
				MARKETING_VERSION = 1.0;
				PRODUCT_BUNDLE_IDENTIFIER = com.bugwilliams.EyeTargetUITests;
				PRODUCT_NAME = "$(TARGET_NAME)";
				SDKROOT = auto;
				SUPPORTED_PLATFORMS = "iphoneos iphonesimulator macosx";
				SWIFT_EMIT_LOC_STRINGS = NO;
				SWIFT_VERSION = 5.0;
				TARGETED_DEVICE_FAMILY = "1,2";
				TEST_TARGET_NAME = EyeTarget;
			};
			name = Debug;
		};
		9B462F552B0EC01700D6376C /* Release */ = {
			isa = XCBuildConfiguration;
			buildSettings = {
				ALWAYS_EMBED_SWIFT_STANDARD_LIBRARIES = YES;
				CODE_SIGN_STYLE = Automatic;
				CURRENT_PROJECT_VERSION = 1;
				DEVELOPMENT_TEAM = ZYTKCJ322J;
				GENERATE_INFOPLIST_FILE = YES;
				IPHONEOS_DEPLOYMENT_TARGET = 17.0;
				MACOSX_DEPLOYMENT_TARGET = 14.0;
				MARKETING_VERSION = 1.0;
				PRODUCT_BUNDLE_IDENTIFIER = com.bugwilliams.EyeTargetUITests;
				PRODUCT_NAME = "$(TARGET_NAME)";
				SDKROOT = auto;
				SUPPORTED_PLATFORMS = "iphoneos iphonesimulator macosx";
				SWIFT_EMIT_LOC_STRINGS = NO;
				SWIFT_VERSION = 5.0;
				TARGETED_DEVICE_FAMILY = "1,2";
				TEST_TARGET_NAME = EyeTarget;
			};
			name = Release;
		};
/* End XCBuildConfiguration section */

/* Begin XCConfigurationList section */
		9B462F232B0EC01500D6376C /* Build configuration list for PBXProject "EyeTarget" */ = {
			isa = XCConfigurationList;
			buildConfigurations = (
				9B462F4B2B0EC01700D6376C /* Debug */,
				9B462F4C2B0EC01700D6376C /* Release */,
			);
			defaultConfigurationIsVisible = 0;
			defaultConfigurationName = Release;
		};
		9B462F4D2B0EC01700D6376C /* Build configuration list for PBXNativeTarget "EyeTarget" */ = {
			isa = XCConfigurationList;
			buildConfigurations = (
				9B462F4E2B0EC01700D6376C /* Debug */,
				9B462F4F2B0EC01700D6376C /* Release */,
			);
			defaultConfigurationIsVisible = 0;
			defaultConfigurationName = Release;
		};
		9B462F502B0EC01700D6376C /* Build configuration list for PBXNativeTarget "EyeTargetTests" */ = {
			isa = XCConfigurationList;
			buildConfigurations = (
				9B462F512B0EC01700D6376C /* Debug */,
				9B462F522B0EC01700D6376C /* Release */,
			);
			defaultConfigurationIsVisible = 0;
			defaultConfigurationName = Release;
		};
		9B462F532B0EC01700D6376C /* Build configuration list for PBXNativeTarget "EyeTargetUITests" */ = {
			isa = XCConfigurationList;
			buildConfigurations = (
				9B462F542B0EC01700D6376C /* Debug */,
				9B462F552B0EC01700D6376C /* Release */,
			);
			defaultConfigurationIsVisible = 0;
			defaultConfigurationName = Release;
		};
/* End XCConfigurationList section */
	};
	rootObject = 9B462F202B0EC01500D6376C /* Project object */;
}
